
Microsoft Visual Studio Solution File, Format Version 12.00
# Visual Studio 15
Project("{FAE04EC0-301F-11D3-BF4B-00C04F79EFBC}") = "VRCFury-Editor", "VRCFury-Editor.csproj", "{39F6674F-74D2-4B95-3583-420302121AA2}"
EndProject
Project("{FAE04EC0-301F-11D3-BF4B-00C04F79EFBC}") = "VrcfEditorOnly-Editor", "VrcfEditorOnly-Editor.csproj", "{21825F46-E89F-46A0-E005-94AE46FAB359}"
EndProject
Project("{FAE04EC0-301F-11D3-BF4B-00C04F79EFBC}") = "VRC.SDKBase.Editor", "VRC.SDKBase.Editor.csproj", "{5B40A632-67F7-CC28-2A18-311FF156EA59}"
EndProject
Project("{FAE04EC0-301F-11D3-BF4B-00C04F79EFBC}") = "UniTask", "UniTask.csproj", "{EF9B11F1-11D7-B629-0A85-8387DA477734}"
EndProject
Project("{FAE04EC0-301F-11D3-BF4B-00C04F79EFBC}") = "lyuma.av3emulator", "lyuma.av3emulator.csproj", "{C8174954-08FE-0500-7907-3DA6B31E676B}"
EndProject
Project("{FAE04EC0-301F-11D3-BF4B-00C04F79EFBC}") = "UniTask.Linq", "UniTask.Linq.csproj", "{2F054D01-B437-2197-53B6-1F70AB73E2C1}"
EndProject
Project("{FAE04EC0-301F-11D3-BF4B-00C04F79EFBC}") = "VRC.SDKBase", "VRC.SDKBase.csproj", "{D5E39D32-16C6-7343-920C-F226F9F75700}"
EndProject
Project("{FAE04EC0-301F-11D3-BF4B-00C04F79EFBC}") = "UniTask.DOTween", "UniTask.DOTween.csproj", "{D6189BEC-7A60-0810-E77A-459615F53440}"
EndProject
Project("{FAE04EC0-301F-11D3-BF4B-00C04F79EFBC}") = "VrcfEditorOnly", "VrcfEditorOnly.csproj", "{757F89DD-614F-1FFD-124B-0AF40498E25F}"
EndProject
Project("{FAE04EC0-301F-11D3-BF4B-00C04F79EFBC}") = "AudioLink", "AudioLink.csproj", "{8EAE7FF0-FE34-6528-E5B6-5ECF55D74E6B}"
EndProject
Project("{FAE04EC0-301F-11D3-BF4B-00C04F79EFBC}") = "JsonComponent", "JsonComponent.csproj", "{DFAB0394-74F2-5A50-CBB6-BA2C22E2AC2D}"
EndProject
Project("{FAE04EC0-301F-11D3-BF4B-00C04F79EFBC}") = "VRC.SDK3A.Editor", "VRC.SDK3A.Editor.csproj", "{38F315E4-7FC3-2771-76CF-800F69FC8809}"
EndProject
Project("{FAE04EC0-301F-11D3-BF4B-00C04F79EFBC}") = "AudioLink.Editor", "AudioLink.Editor.csproj", "{12B2A755-1C9D-73A3-1038-B739D13B0B10}"
EndProject
Project("{FAE04EC0-301F-11D3-BF4B-00C04F79EFBC}") = "VRCFury", "VRCFury.csproj", "{1C99C739-8786-A183-D532-CA843F893780}"
EndProject
Project("{FAE04EC0-301F-11D3-BF4B-00C04F79EFBC}") = "lilToon.Editor", "lilToon.Editor.csproj", "{07E84546-D457-B806-0C7F-8BFA09473D6F}"
EndProject
Project("{FAE04EC0-301F-11D3-BF4B-00C04F79EFBC}") = "com.vrchat.core.vpm-resolver.Editor", "com.vrchat.core.vpm-resolver.Editor.csproj", "{E034C2B3-732B-9A21-D46C-C1048ABD07F7}"
EndProject
Project("{FAE04EC0-301F-11D3-BF4B-00C04F79EFBC}") = "VRC.SDKBase.Editor.ShaderStripping", "VRC.SDKBase.Editor.ShaderStripping.csproj", "{0BCE41CD-3548-C5E6-8980-961F72E619F8}"
EndProject
Project("{FAE04EC0-301F-11D3-BF4B-00C04F79EFBC}") = "lyuma.av3emulator.Editor", "lyuma.av3emulator.Editor.csproj", "{ADDF35DC-4221-2464-32FD-A7C222D370C4}"
EndProject
Project("{FAE04EC0-301F-11D3-BF4B-00C04F79EFBC}") = "UniTask.Editor", "UniTask.Editor.csproj", "{D4E664DA-C2C6-0C41-A97D-220398AB319D}"
EndProject
Project("{FAE04EC0-301F-11D3-BF4B-00C04F79EFBC}") = "VRC.SDKBase.Editor.BuildPipeline", "VRC.SDKBase.Editor.BuildPipeline.csproj", "{D79B4D19-18A0-DA82-8BA0-323260DEF311}"
EndProject
Project("{FAE04EC0-301F-11D3-BF4B-00C04F79EFBC}") = "JsonComponent-Editor", "JsonComponent-Editor.csproj", "{32E969E9-A165-CBBB-71E3-B01E6F6AB724}"
EndProject
Project("{FAE04EC0-301F-11D3-BF4B-00C04F79EFBC}") = "VRCFury-Api", "VRCFury-Api.csproj", "{D2C7EBC2-5567-0F2F-3017-C0D49273EBBE}"
EndProject
Project("{FAE04EC0-301F-11D3-BF4B-00C04F79EFBC}") = "lilToon.Editor.External", "lilToon.Editor.External.csproj", "{8DD19AB5-6656-4A83-378D-955DF80E8CD7}"
EndProject
Project("{FAE04EC0-301F-11D3-BF4B-00C04F79EFBC}") = "VRC.SDK3A", "VRC.SDK3A.csproj", "{E1B1FB19-3E0B-A188-0E4C-22D410506E31}"
EndProject
Project("{FAE04EC0-301F-11D3-BF4B-00C04F79EFBC}") = "UniTask.Addressables", "UniTask.Addressables.csproj", "{89711F55-9404-EDDE-9689-C009683A1A03}"
EndProject
Project("{FAE04EC0-301F-11D3-BF4B-00C04F79EFBC}") = "UniTask.TextMeshPro", "UniTask.TextMeshPro.csproj", "{8049CDD5-33AF-E1D0-7085-518EA5149BF7}"
EndProject
Global
	GlobalSection(SolutionConfigurationPlatforms) = preSolution
		Debug|Any CPU = Debug|Any CPU
		Release|Any CPU = Release|Any CPU
	EndGlobalSection
	GlobalSection(ProjectConfigurationPlatforms) = postSolution
		{39F6674F-74D2-4B95-3583-420302121AA2}.Debug|Any CPU.ActiveCfg = Debug|Any CPU
		{39F6674F-74D2-4B95-3583-420302121AA2}.Debug|Any CPU.Build.0 = Debug|Any CPU
		{39F6674F-74D2-4B95-3583-420302121AA2}.Release|Any CPU.ActiveCfg = Release|Any CPU
		{39F6674F-74D2-4B95-3583-420302121AA2}.Release|Any CPU.Build.0 = Release|Any CPU
		{21825F46-E89F-46A0-E005-94AE46FAB359}.Debug|Any CPU.ActiveCfg = Debug|Any CPU
		{21825F46-E89F-46A0-E005-94AE46FAB359}.Debug|Any CPU.Build.0 = Debug|Any CPU
		{21825F46-E89F-46A0-E005-94AE46FAB359}.Release|Any CPU.ActiveCfg = Release|Any CPU
		{21825F46-E89F-46A0-E005-94AE46FAB359}.Release|Any CPU.Build.0 = Release|Any CPU
		{5B40A632-67F7-CC28-2A18-311FF156EA59}.Debug|Any CPU.ActiveCfg = Debug|Any CPU
		{5B40A632-67F7-CC28-2A18-311FF156EA59}.Debug|Any CPU.Build.0 = Debug|Any CPU
		{5B40A632-67F7-CC28-2A18-311FF156EA59}.Release|Any CPU.ActiveCfg = Release|Any CPU
		{5B40A632-67F7-CC28-2A18-311FF156EA59}.Release|Any CPU.Build.0 = Release|Any CPU
		{EF9B11F1-11D7-B629-0A85-8387DA477734}.Debug|Any CPU.ActiveCfg = Debug|Any CPU
		{EF9B11F1-11D7-B629-0A85-8387DA477734}.Debug|Any CPU.Build.0 = Debug|Any CPU
		{EF9B11F1-11D7-B629-0A85-8387DA477734}.Release|Any CPU.ActiveCfg = Release|Any CPU
		{EF9B11F1-11D7-B629-0A85-8387DA477734}.Release|Any CPU.Build.0 = Release|Any CPU
		{C8174954-08FE-0500-7907-3DA6B31E676B}.Debug|Any CPU.ActiveCfg = Debug|Any CPU
		{C8174954-08FE-0500-7907-3DA6B31E676B}.Debug|Any CPU.Build.0 = Debug|Any CPU
		{C8174954-08FE-0500-7907-3DA6B31E676B}.Release|Any CPU.ActiveCfg = Release|Any CPU
		{C8174954-08FE-0500-7907-3DA6B31E676B}.Release|Any CPU.Build.0 = Release|Any CPU
		{2F054D01-B437-2197-53B6-1F70AB73E2C1}.Debug|Any CPU.ActiveCfg = Debug|Any CPU
		{2F054D01-B437-2197-53B6-1F70AB73E2C1}.Debug|Any CPU.Build.0 = Debug|Any CPU
		{2F054D01-B437-2197-53B6-1F70AB73E2C1}.Release|Any CPU.ActiveCfg = Release|Any CPU
		{2F054D01-B437-2197-53B6-1F70AB73E2C1}.Release|Any CPU.Build.0 = Release|Any CPU
		{D5E39D32-16C6-7343-920C-F226F9F75700}.Debug|Any CPU.ActiveCfg = Debug|Any CPU
		{D5E39D32-16C6-7343-920C-F226F9F75700}.Debug|Any CPU.Build.0 = Debug|Any CPU
		{D5E39D32-16C6-7343-920C-F226F9F75700}.Release|Any CPU.ActiveCfg = Release|Any CPU
		{D5E39D32-16C6-7343-920C-F226F9F75700}.Release|Any CPU.Build.0 = Release|Any CPU
		{D6189BEC-7A60-0810-E77A-459615F53440}.Debug|Any CPU.ActiveCfg = Debug|Any CPU
		{D6189BEC-7A60-0810-E77A-459615F53440}.Debug|Any CPU.Build.0 = Debug|Any CPU
		{D6189BEC-7A60-0810-E77A-459615F53440}.Release|Any CPU.ActiveCfg = Release|Any CPU
		{D6189BEC-7A60-0810-E77A-459615F53440}.Release|Any CPU.Build.0 = Release|Any CPU
		{757F89DD-614F-1FFD-124B-0AF40498E25F}.Debug|Any CPU.ActiveCfg = Debug|Any CPU
		{757F89DD-614F-1FFD-124B-0AF40498E25F}.Debug|Any CPU.Build.0 = Debug|Any CPU
		{757F89DD-614F-1FFD-124B-0AF40498E25F}.Release|Any CPU.ActiveCfg = Release|Any CPU
		{757F89DD-614F-1FFD-124B-0AF40498E25F}.Release|Any CPU.Build.0 = Release|Any CPU
		{8EAE7FF0-FE34-6528-E5B6-5ECF55D74E6B}.Debug|Any CPU.ActiveCfg = Debug|Any CPU
		{8EAE7FF0-FE34-6528-E5B6-5ECF55D74E6B}.Debug|Any CPU.Build.0 = Debug|Any CPU
		{8EAE7FF0-FE34-6528-E5B6-5ECF55D74E6B}.Release|Any CPU.ActiveCfg = Release|Any CPU
		{8EAE7FF0-FE34-6528-E5B6-5ECF55D74E6B}.Release|Any CPU.Build.0 = Release|Any CPU
		{DFAB0394-74F2-5A50-CBB6-BA2C22E2AC2D}.Debug|Any CPU.ActiveCfg = Debug|Any CPU
		{DFAB0394-74F2-5A50-CBB6-BA2C22E2AC2D}.Debug|Any CPU.Build.0 = Debug|Any CPU
		{DFAB0394-74F2-5A50-CBB6-BA2C22E2AC2D}.Release|Any CPU.ActiveCfg = Release|Any CPU
		{DFAB0394-74F2-5A50-CBB6-BA2C22E2AC2D}.Release|Any CPU.Build.0 = Release|Any CPU
		{38F315E4-7FC3-2771-76CF-800F69FC8809}.Debug|Any CPU.ActiveCfg = Debug|Any CPU
		{38F315E4-7FC3-2771-76CF-800F69FC8809}.Debug|Any CPU.Build.0 = Debug|Any CPU
		{38F315E4-7FC3-2771-76CF-800F69FC8809}.Release|Any CPU.ActiveCfg = Release|Any CPU
		{38F315E4-7FC3-2771-76CF-800F69FC8809}.Release|Any CPU.Build.0 = Release|Any CPU
		{12B2A755-1C9D-73A3-1038-B739D13B0B10}.Debug|Any CPU.ActiveCfg = Debug|Any CPU
		{12B2A755-1C9D-73A3-1038-B739D13B0B10}.Debug|Any CPU.Build.0 = Debug|Any CPU
		{12B2A755-1C9D-73A3-1038-B739D13B0B10}.Release|Any CPU.ActiveCfg = Release|Any CPU
		{12B2A755-1C9D-73A3-1038-B739D13B0B10}.Release|Any CPU.Build.0 = Release|Any CPU
		{1C99C739-8786-A183-D532-CA843F893780}.Debug|Any CPU.ActiveCfg = Debug|Any CPU
		{1C99C739-8786-A183-D532-CA843F893780}.Debug|Any CPU.Build.0 = Debug|Any CPU
		{1C99C739-8786-A183-D532-CA843F893780}.Release|Any CPU.ActiveCfg = Release|Any CPU
		{1C99C739-8786-A183-D532-CA843F893780}.Release|Any CPU.Build.0 = Release|Any CPU
		{07E84546-D457-B806-0C7F-8BFA09473D6F}.Debug|Any CPU.ActiveCfg = Debug|Any CPU
		{07E84546-D457-B806-0C7F-8BFA09473D6F}.Debug|Any CPU.Build.0 = Debug|Any CPU
		{07E84546-D457-B806-0C7F-8BFA09473D6F}.Release|Any CPU.ActiveCfg = Release|Any CPU
		{07E84546-D457-B806-0C7F-8BFA09473D6F}.Release|Any CPU.Build.0 = Release|Any CPU
		{E034C2B3-732B-9A21-D46C-C1048ABD07F7}.Debug|Any CPU.ActiveCfg = Debug|Any CPU
		{E034C2B3-732B-9A21-D46C-C1048ABD07F7}.Debug|Any CPU.Build.0 = Debug|Any CPU
		{E034C2B3-732B-9A21-D46C-C1048ABD07F7}.Release|Any CPU.ActiveCfg = Release|Any CPU
		{E034C2B3-732B-9A21-D46C-C1048ABD07F7}.Release|Any CPU.Build.0 = Release|Any CPU
		{0BCE41CD-3548-C5E6-8980-961F72E619F8}.Debug|Any CPU.ActiveCfg = Debug|Any CPU
		{0BCE41CD-3548-C5E6-8980-961F72E619F8}.Debug|Any CPU.Build.0 = Debug|Any CPU
		{0BCE41CD-3548-C5E6-8980-961F72E619F8}.Release|Any CPU.ActiveCfg = Release|Any CPU
		{0BCE41CD-3548-C5E6-8980-961F72E619F8}.Release|Any CPU.Build.0 = Release|Any CPU
		{ADDF35DC-4221-2464-32FD-A7C222D370C4}.Debug|Any CPU.ActiveCfg = Debug|Any CPU
		{ADDF35DC-4221-2464-32FD-A7C222D370C4}.Debug|Any CPU.Build.0 = Debug|Any CPU
		{ADDF35DC-4221-2464-32FD-A7C222D370C4}.Release|Any CPU.ActiveCfg = Release|Any CPU
		{ADDF35DC-4221-2464-32FD-A7C222D370C4}.Release|Any CPU.Build.0 = Release|Any CPU
		{D4E664DA-C2C6-0C41-A97D-220398AB319D}.Debug|Any CPU.ActiveCfg = Debug|Any CPU
		{D4E664DA-C2C6-0C41-A97D-220398AB319D}.Debug|Any CPU.Build.0 = Debug|Any CPU
		{D4E664DA-C2C6-0C41-A97D-220398AB319D}.Release|Any CPU.ActiveCfg = Release|Any CPU
		{D4E664DA-C2C6-0C41-A97D-220398AB319D}.Release|Any CPU.Build.0 = Release|Any CPU
		{D79B4D19-18A0-DA82-8BA0-323260DEF311}.Debug|Any CPU.ActiveCfg = Debug|Any CPU
		{D79B4D19-18A0-DA82-8BA0-323260DEF311}.Debug|Any CPU.Build.0 = Debug|Any CPU
		{D79B4D19-18A0-DA82-8BA0-323260DEF311}.Release|Any CPU.ActiveCfg = Release|Any CPU
		{D79B4D19-18A0-DA82-8BA0-323260DEF311}.Release|Any CPU.Build.0 = Release|Any CPU
		{32E969E9-A165-CBBB-71E3-B01E6F6AB724}.Debug|Any CPU.ActiveCfg = Debug|Any CPU
		{32E969E9-A165-CBBB-71E3-B01E6F6AB724}.Debug|Any CPU.Build.0 = Debug|Any CPU
		{32E969E9-A165-CBBB-71E3-B01E6F6AB724}.Release|Any CPU.ActiveCfg = Release|Any CPU
		{32E969E9-A165-CBBB-71E3-B01E6F6AB724}.Release|Any CPU.Build.0 = Release|Any CPU
		{D2C7EBC2-5567-0F2F-3017-C0D49273EBBE}.Debug|Any CPU.ActiveCfg = Debug|Any CPU
		{D2C7EBC2-5567-0F2F-3017-C0D49273EBBE}.Debug|Any CPU.Build.0 = Debug|Any CPU
		{D2C7EBC2-5567-0F2F-3017-C0D49273EBBE}.Release|Any CPU.ActiveCfg = Release|Any CPU
		{D2C7EBC2-5567-0F2F-3017-C0D49273EBBE}.Release|Any CPU.Build.0 = Release|Any CPU
		{8DD19AB5-6656-4A83-378D-955DF80E8CD7}.Debug|Any CPU.ActiveCfg = Debug|Any CPU
		{8DD19AB5-6656-4A83-378D-955DF80E8CD7}.Debug|Any CPU.Build.0 = Debug|Any CPU
		{8DD19AB5-6656-4A83-378D-955DF80E8CD7}.Release|Any CPU.ActiveCfg = Release|Any CPU
		{8DD19AB5-6656-4A83-378D-955DF80E8CD7}.Release|Any CPU.Build.0 = Release|Any CPU
		{E1B1FB19-3E0B-A188-0E4C-22D410506E31}.Debug|Any CPU.ActiveCfg = Debug|Any CPU
		{E1B1FB19-3E0B-A188-0E4C-22D410506E31}.Debug|Any CPU.Build.0 = Debug|Any CPU
		{E1B1FB19-3E0B-A188-0E4C-22D410506E31}.Release|Any CPU.ActiveCfg = Release|Any CPU
		{E1B1FB19-3E0B-A188-0E4C-22D410506E31}.Release|Any CPU.Build.0 = Release|Any CPU
		{89711F55-9404-EDDE-9689-C009683A1A03}.Debug|Any CPU.ActiveCfg = Debug|Any CPU
		{89711F55-9404-EDDE-9689-C009683A1A03}.Debug|Any CPU.Build.0 = Debug|Any CPU
		{89711F55-9404-EDDE-9689-C009683A1A03}.Release|Any CPU.ActiveCfg = Release|Any CPU
		{89711F55-9404-EDDE-9689-C009683A1A03}.Release|Any CPU.Build.0 = Release|Any CPU
		{8049CDD5-33AF-E1D0-7085-518EA5149BF7}.Debug|Any CPU.ActiveCfg = Debug|Any CPU
		{8049CDD5-33AF-E1D0-7085-518EA5149BF7}.Debug|Any CPU.Build.0 = Debug|Any CPU
		{8049CDD5-33AF-E1D0-7085-518EA5149BF7}.Release|Any CPU.ActiveCfg = Release|Any CPU
		{8049CDD5-33AF-E1D0-7085-518EA5149BF7}.Release|Any CPU.Build.0 = Release|Any CPU
	EndGlobalSection
	GlobalSection(SolutionProperties) = preSolution
		HideSolutionNode = FALSE
	EndGlobalSection
EndGlobal
